
Microsoft Visual Studio Solution File, Format Version 12.00
# Visual Studio Version 17
VisualStudioVersion = 17.14.36623.8 d17.14
MinimumVisualStudioVersion = 10.0.40219.1
Project("{FAE04EC0-301F-11D3-BF4B-00C04F79EFBC}") = "ProgramaDesconto", "ProgramaDesconto.csproj", "{679274F8-E46B-4C87-AFCD-92EFAF16822A}"
EndProject
Global
	GlobalSection(SolutionConfigurationPlatforms) = preSolution
		Debug|Any CPU = Debug|Any CPU
		Release|Any CPU = Release|Any CPU
	EndGlobalSection
	GlobalSection(ProjectConfigurationPlatforms) = postSolution
		{679274F8-E46B-4C87-AFCD-92EFAF16822A}.Debug|Any CPU.ActiveCfg = Debug|Any CPU
		{679274F8-E46B-4C87-AFCD-92EFAF16822A}.Debug|Any CPU.Build.0 = Debug|Any CPU
		{679274F8-E46B-4C87-AFCD-92EFAF16822A}.Release|Any CPU.ActiveCfg = Release|Any CPU
		{679274F8-E46B-4C87-AFCD-92EFAF16822A}.Release|Any CPU.Build.0 = Release|Any CPU
	EndGlobalSection
	GlobalSection(SolutionProperties) = preSolution
		HideSolutionNode = FALSE
	EndGlobalSection
	GlobalSection(ExtensibilityGlobals) = postSolution
		SolutionGuid = {386479ED-7ED6-4E75-8D9A-A780D0978B09}
	EndGlobalSection
EndGlobal
