
Microsoft Visual Studio Solution File, Format Version 12.00
# Visual Studio Version 17
VisualStudioVersion = 17.14.36623.8 d17.14
MinimumVisualStudioVersion = 10.0.40219.1
Project("{FAE04EC0-301F-11D3-BF4B-00C04F79EFBC}") = "SaudaçãoNomeC#", "SaudaçãoNomeC#.csproj", "{BCA7CD50-1519-4642-9D1F-94CC6B3A130B}"
EndProject
Global
	GlobalSection(SolutionConfigurationPlatforms) = preSolution
		Debug|Any CPU = Debug|Any CPU
		Release|Any CPU = Release|Any CPU
	EndGlobalSection
	GlobalSection(ProjectConfigurationPlatforms) = postSolution
		{BCA7CD50-1519-4642-9D1F-94CC6B3A130B}.Debug|Any CPU.ActiveCfg = Debug|Any CPU
		{BCA7CD50-1519-4642-9D1F-94CC6B3A130B}.Debug|Any CPU.Build.0 = Debug|Any CPU
		{BCA7CD50-1519-4642-9D1F-94CC6B3A130B}.Release|Any CPU.ActiveCfg = Release|Any CPU
		{BCA7CD50-1519-4642-9D1F-94CC6B3A130B}.Release|Any CPU.Build.0 = Release|Any CPU
	EndGlobalSection
	GlobalSection(SolutionProperties) = preSolution
		HideSolutionNode = FALSE
	EndGlobalSection
	GlobalSection(ExtensibilityGlobals) = postSolution
		SolutionGuid = {94ABFE63-089D-4928-97E1-66B7F389FF3E}
	EndGlobalSection
EndGlobal
